
Microsoft Visual Studio Solution File, Format Version 12.00
# Visual Studio Version 17
VisualStudioVersion = 17.0.31903.59
MinimumVisualStudioVersion = 10.0.40219.1
Project("{FAE04EC0-301F-11D3-BF4B-00C04F79EFBC}") = "BancoDoBrasil", "BancoDoBrasil\BancoDoBrasil.csproj", "{E5D4B988-B40D-4E8C-8571-75F6006AADBE}"
EndProject
Project("{FAE04EC0-301F-11D3-BF4B-00C04F79EFBC}") = "BancoDoBrasil.Tests", "BancoDoBrasil.Tests\BancoDoBrasil.Tests.csproj", "{330C02D2-52FA-468A-AC8B-5A5FF04B74FF}"
EndProject
Global
	GlobalSection(SolutionConfigurationPlatforms) = preSolution
		Debug|Any CPU = Debug|Any CPU
		Release|Any CPU = Release|Any CPU
	EndGlobalSection
	GlobalSection(SolutionProperties) = preSolution
		HideSolutionNode = FALSE
	EndGlobalSection
	GlobalSection(ProjectConfigurationPlatforms) = postSolution
		{E5D4B988-B40D-4E8C-8571-75F6006AADBE}.Debug|Any CPU.ActiveCfg = Debug|Any CPU
		{E5D4B988-B40D-4E8C-8571-75F6006AADBE}.Debug|Any CPU.Build.0 = Debug|Any CPU
		{E5D4B988-B40D-4E8C-8571-75F6006AADBE}.Release|Any CPU.ActiveCfg = Release|Any CPU
		{E5D4B988-B40D-4E8C-8571-75F6006AADBE}.Release|Any CPU.Build.0 = Release|Any CPU
		{AE87416F-DA3F-4561-B4B4-52C23759270A}.Debug|Any CPU.ActiveCfg = Debug|Any CPU
		{AE87416F-DA3F-4561-B4B4-52C23759270A}.Debug|Any CPU.Build.0 = Debug|Any CPU
		{AE87416F-DA3F-4561-B4B4-52C23759270A}.Release|Any CPU.ActiveCfg = Release|Any CPU
		{AE87416F-DA3F-4561-B4B4-52C23759270A}.Release|Any CPU.Build.0 = Release|Any CPU
		{330C02D2-52FA-468A-AC8B-5A5FF04B74FF}.Debug|Any CPU.ActiveCfg = Debug|Any CPU
		{330C02D2-52FA-468A-AC8B-5A5FF04B74FF}.Debug|Any CPU.Build.0 = Debug|Any CPU
		{330C02D2-52FA-468A-AC8B-5A5FF04B74FF}.Release|Any CPU.ActiveCfg = Release|Any CPU
		{330C02D2-52FA-468A-AC8B-5A5FF04B74FF}.Release|Any CPU.Build.0 = Release|Any CPU
	EndGlobalSection
EndGlobal
